
Microsoft Visual Studio Solution File, Format Version 12.00
# Visual Studio 14
VisualStudioVersion = 14.0.25420.1
MinimumVisualStudioVersion = 10.0.40219.1
Project("{8BC9CEB8-8B4A-11D0-8D11-00A0C91BC942}") = "app", "app.vcxproj", "{47746D04-A850-43FA-BF91-37783E788B1A}"
EndProject
Project("{8BC9CEB8-8B4A-11D0-8D11-00A0C91BC942}") = "tri", "tri.vcxproj", "{1A222E95-AE4B-4951-B90E-CCEA7866A588}"
EndProject
Project("{8BC9CEB8-8B4A-11D0-8D11-00A0C91BC942}") = "cube", "cube.vcxproj", "{700B194C-5C5D-487E-97BF-D484BCB1F646}"
EndProject
Project("{8BC9CEB8-8B4A-11D0-8D11-00A0C91BC942}") = "fb", "fb.vcxproj", "{A4218E24-716B-46D3-99A2-FC9F9EDDE2B6}"
EndProject
Project("{8BC9CEB8-8B4A-11D0-8D11-00A0C91BC942}") = "tribench", "tribench.vcxproj", "{719793FD-8933-4F69-AC51-5A716B11A13F}"
EndProject
Project("{8BC9CEB8-8B4A-11D0-8D11-00A0C91BC942}") = "examples", "examples.vcxproj", "{EDA82BD6-940B-4A01-9466-9D281A07F67E}"
	ProjectSection(ProjectDependencies) = postProject
		{47746D04-A850-43FA-BF91-37783E788B1A} = {47746D04-A850-43FA-BF91-37783E788B1A}
		{A4218E24-716B-46D3-99A2-FC9F9EDDE2B6} = {A4218E24-716B-46D3-99A2-FC9F9EDDE2B6}
		{700B194C-5C5D-487E-97BF-D484BCB1F646} = {700B194C-5C5D-487E-97BF-D484BCB1F646}
		{1A222E95-AE4B-4951-B90E-CCEA7866A588} = {1A222E95-AE4B-4951-B90E-CCEA7866A588}
		{719793FD-8933-4F69-AC51-5A716B11A13F} = {719793FD-8933-4F69-AC51-5A716B11A13F}
	EndProjectSection
EndProject
Global
	GlobalSection(SolutionConfigurationPlatforms) = preSolution
		Debug|x64 = Debug|x64
		Debug|x86 = Debug|x86
		Release|x64 = Release|x64
		Release|x86 = Release|x86
	EndGlobalSection
	GlobalSection(ProjectConfigurationPlatforms) = postSolution
		{47746D04-A850-43FA-BF91-37783E788B1A}.Debug|x64.ActiveCfg = Debug|x64
		{47746D04-A850-43FA-BF91-37783E788B1A}.Debug|x64.Build.0 = Debug|x64
		{47746D04-A850-43FA-BF91-37783E788B1A}.Debug|x86.ActiveCfg = Debug|Win32
		{47746D04-A850-43FA-BF91-37783E788B1A}.Debug|x86.Build.0 = Debug|Win32
		{47746D04-A850-43FA-BF91-37783E788B1A}.Release|x64.ActiveCfg = Release|x64
		{47746D04-A850-43FA-BF91-37783E788B1A}.Release|x64.Build.0 = Release|x64
		{47746D04-A850-43FA-BF91-37783E788B1A}.Release|x86.ActiveCfg = Release|Win32
		{47746D04-A850-43FA-BF91-37783E788B1A}.Release|x86.Build.0 = Release|Win32
		{1A222E95-AE4B-4951-B90E-CCEA7866A588}.Debug|x64.ActiveCfg = Debug|x64
		{1A222E95-AE4B-4951-B90E-CCEA7866A588}.Debug|x64.Build.0 = Debug|x64
		{1A222E95-AE4B-4951-B90E-CCEA7866A588}.Debug|x86.ActiveCfg = Debug|Win32
		{1A222E95-AE4B-4951-B90E-CCEA7866A588}.Debug|x86.Build.0 = Debug|Win32
		{1A222E95-AE4B-4951-B90E-CCEA7866A588}.Release|x64.ActiveCfg = Release|x64
		{1A222E95-AE4B-4951-B90E-CCEA7866A588}.Release|x64.Build.0 = Release|x64
		{1A222E95-AE4B-4951-B90E-CCEA7866A588}.Release|x86.ActiveCfg = Release|Win32
		{1A222E95-AE4B-4951-B90E-CCEA7866A588}.Release|x86.Build.0 = Release|Win32
		{700B194C-5C5D-487E-97BF-D484BCB1F646}.Debug|x64.ActiveCfg = Debug|x64
		{700B194C-5C5D-487E-97BF-D484BCB1F646}.Debug|x64.Build.0 = Debug|x64
		{700B194C-5C5D-487E-97BF-D484BCB1F646}.Debug|x86.ActiveCfg = Debug|Win32
		{700B194C-5C5D-487E-97BF-D484BCB1F646}.Debug|x86.Build.0 = Debug|Win32
		{700B194C-5C5D-487E-97BF-D484BCB1F646}.Release|x64.ActiveCfg = Release|x64
		{700B194C-5C5D-487E-97BF-D484BCB1F646}.Release|x64.Build.0 = Release|x64
		{700B194C-5C5D-487E-97BF-D484BCB1F646}.Release|x86.ActiveCfg = Release|Win32
		{700B194C-5C5D-487E-97BF-D484BCB1F646}.Release|x86.Build.0 = Release|Win32
		{A4218E24-716B-46D3-99A2-FC9F9EDDE2B6}.Debug|x64.ActiveCfg = Debug|x64
		{A4218E24-716B-46D3-99A2-FC9F9EDDE2B6}.Debug|x64.Build.0 = Debug|x64
		{A4218E24-716B-46D3-99A2-FC9F9EDDE2B6}.Debug|x86.ActiveCfg = Debug|Win32
		{A4218E24-716B-46D3-99A2-FC9F9EDDE2B6}.Debug|x86.Build.0 = Debug|Win32
		{A4218E24-716B-46D3-99A2-FC9F9EDDE2B6}.Release|x64.ActiveCfg = Release|x64
		{A4218E24-716B-46D3-99A2-FC9F9EDDE2B6}.Release|x64.Build.0 = Release|x64
		{A4218E24-716B-46D3-99A2-FC9F9EDDE2B6}.Release|x86.ActiveCfg = Release|Win32
		{A4218E24-716B-46D3-99A2-FC9F9EDDE2B6}.Release|x86.Build.0 = Release|Win32
		{719793FD-8933-4F69-AC51-5A716B11A13F}.Debug|x64.ActiveCfg = Debug|x64
		{719793FD-8933-4F69-AC51-5A716B11A13F}.Debug|x64.Build.0 = Debug|x64
		{719793FD-8933-4F69-AC51-5A716B11A13F}.Debug|x86.ActiveCfg = Debug|Win32
		{719793FD-8933-4F69-AC51-5A716B11A13F}.Debug|x86.Build.0 = Debug|Win32
		{719793FD-8933-4F69-AC51-5A716B11A13F}.Release|x64.ActiveCfg = Release|x64
		{719793FD-8933-4F69-AC51-5A716B11A13F}.Release|x64.Build.0 = Release|x64
		{719793FD-8933-4F69-AC51-5A716B11A13F}.Release|x86.ActiveCfg = Release|Win32
		{719793FD-8933-4F69-AC51-5A716B11A13F}.Release|x86.Build.0 = Release|Win32
		{EDA82BD6-940B-4A01-9466-9D281A07F67E}.Debug|x64.ActiveCfg = Debug|x64
		{EDA82BD6-940B-4A01-9466-9D281A07F67E}.Debug|x64.Build.0 = Debug|x64
		{EDA82BD6-940B-4A01-9466-9D281A07F67E}.Debug|x86.ActiveCfg = Debug|Win32
		{EDA82BD6-940B-4A01-9466-9D281A07F67E}.Debug|x86.Build.0 = Debug|Win32
		{EDA82BD6-940B-4A01-9466-9D281A07F67E}.Release|x64.ActiveCfg = Release|x64
		{EDA82BD6-940B-4A01-9466-9D281A07F67E}.Release|x64.Build.0 = Release|x64
		{EDA82BD6-940B-4A01-9466-9D281A07F67E}.Release|x86.ActiveCfg = Release|Win32
		{EDA82BD6-940B-4A01-9466-9D281A07F67E}.Release|x86.Build.0 = Release|Win32
	EndGlobalSection
	GlobalSection(SolutionProperties) = preSolution
		HideSolutionNode = FALSE
	EndGlobalSection
EndGlobal
